
Microsoft Visual Studio Solution File, Format Version 12.00
# Visual Studio Version 17
VisualStudioVersion = 17.2.32616.157
MinimumVisualStudioVersion = 10.0.40219.1
Project("{FAE04EC0-301F-11D3-BF4B-00C04F79EFBC}") = "Parsing.CLI", "Parsing.CLI\Parsing.CLI.csproj", "{AF6A9541-C759-4C21-B440-2735AFF5C0EB}"
EndProject
Global
	GlobalSection(SolutionConfigurationPlatforms) = preSolution
		Debug|Any CPU = Debug|Any CPU
		Release|Any CPU = Release|Any CPU
	EndGlobalSection
	GlobalSection(ProjectConfigurationPlatforms) = postSolution
		{AF6A9541-C759-4C21-B440-2735AFF5C0EB}.Debug|Any CPU.ActiveCfg = Debug|Any CPU
		{AF6A9541-C759-4C21-B440-2735AFF5C0EB}.Debug|Any CPU.Build.0 = Debug|Any CPU
		{AF6A9541-C759-4C21-B440-2735AFF5C0EB}.Release|Any CPU.ActiveCfg = Release|Any CPU
		{AF6A9541-C759-4C21-B440-2735AFF5C0EB}.Release|Any CPU.Build.0 = Release|Any CPU
	EndGlobalSection
	GlobalSection(SolutionProperties) = preSolution
		HideSolutionNode = FALSE
	EndGlobalSection
	GlobalSection(ExtensibilityGlobals) = postSolution
		SolutionGuid = {5205BFE8-9B66-49AD-BDD2-0ED68E8F6087}
	EndGlobalSection
EndGlobal
